
Microsoft Visual Studio Solution File, Format Version 12.00
# Visual Studio 15
VisualStudioVersion = 15.0.27004.2008
MinimumVisualStudioVersion = 10.0.40219.1
Project("{8BC9CEB8-8B4A-11D0-8D11-00A0C91BC942}") = "chessboard", "chessboard\chessboard.vcxproj", "{1FE0144E-79EA-4EF3-8A3B-A828B532CD29}"
EndProject
Project("{8BC9CEB8-8B4A-11D0-8D11-00A0C91BC942}") = "evaluation", "evaluation\evaluation.vcxproj", "{7F56C7C6-5224-4A40-AEDC-11F3F1279F12}"
EndProject
Project("{8BC9CEB8-8B4A-11D0-8D11-00A0C91BC942}") = "searcher", "searcher\searcher.vcxproj", "{C143B690-83AC-458D-9E26-83F8268DC789}"
EndProject
Project("{8BC9CEB8-8B4A-11D0-8D11-00A0C91BC942}") = "wrapper", "wrapper\wrapper.vcxproj", "{443D700C-DB84-4100-8284-3FE2B07441D1}"
EndProject
Project("{8BC9CEB8-8B4A-11D0-8D11-00A0C91BC942}") = "unmanaged", "unmanaged\unmanaged.vcxproj", "{72BB2445-02A7-45BF-88B8-02E5618F0B31}"
EndProject
Global
	GlobalSection(SolutionConfigurationPlatforms) = preSolution
		Debug|ARM = Debug|ARM
		Debug|x64 = Debug|x64
		Debug|x86 = Debug|x86
		Release|ARM = Release|ARM
		Release|x64 = Release|x64
		Release|x86 = Release|x86
	EndGlobalSection
	GlobalSection(ProjectConfigurationPlatforms) = postSolution
		{1FE0144E-79EA-4EF3-8A3B-A828B532CD29}.Debug|ARM.ActiveCfg = Debug|ARM
		{1FE0144E-79EA-4EF3-8A3B-A828B532CD29}.Debug|ARM.Build.0 = Debug|ARM
		{1FE0144E-79EA-4EF3-8A3B-A828B532CD29}.Debug|x64.ActiveCfg = Debug|x64
		{1FE0144E-79EA-4EF3-8A3B-A828B532CD29}.Debug|x64.Build.0 = Debug|x64
		{1FE0144E-79EA-4EF3-8A3B-A828B532CD29}.Debug|x86.ActiveCfg = Debug|Win32
		{1FE0144E-79EA-4EF3-8A3B-A828B532CD29}.Debug|x86.Build.0 = Debug|Win32
		{1FE0144E-79EA-4EF3-8A3B-A828B532CD29}.Release|ARM.ActiveCfg = Release|ARM
		{1FE0144E-79EA-4EF3-8A3B-A828B532CD29}.Release|ARM.Build.0 = Release|ARM
		{1FE0144E-79EA-4EF3-8A3B-A828B532CD29}.Release|x64.ActiveCfg = Release|x64
		{1FE0144E-79EA-4EF3-8A3B-A828B532CD29}.Release|x64.Build.0 = Release|x64
		{1FE0144E-79EA-4EF3-8A3B-A828B532CD29}.Release|x86.ActiveCfg = Release|Win32
		{1FE0144E-79EA-4EF3-8A3B-A828B532CD29}.Release|x86.Build.0 = Release|Win32
		{7F56C7C6-5224-4A40-AEDC-11F3F1279F12}.Debug|ARM.ActiveCfg = Debug|ARM
		{7F56C7C6-5224-4A40-AEDC-11F3F1279F12}.Debug|ARM.Build.0 = Debug|ARM
		{7F56C7C6-5224-4A40-AEDC-11F3F1279F12}.Debug|x64.ActiveCfg = Debug|x64
		{7F56C7C6-5224-4A40-AEDC-11F3F1279F12}.Debug|x64.Build.0 = Debug|x64
		{7F56C7C6-5224-4A40-AEDC-11F3F1279F12}.Debug|x86.ActiveCfg = Debug|Win32
		{7F56C7C6-5224-4A40-AEDC-11F3F1279F12}.Debug|x86.Build.0 = Debug|Win32
		{7F56C7C6-5224-4A40-AEDC-11F3F1279F12}.Release|ARM.ActiveCfg = Release|ARM
		{7F56C7C6-5224-4A40-AEDC-11F3F1279F12}.Release|ARM.Build.0 = Release|ARM
		{7F56C7C6-5224-4A40-AEDC-11F3F1279F12}.Release|x64.ActiveCfg = Release|x64
		{7F56C7C6-5224-4A40-AEDC-11F3F1279F12}.Release|x64.Build.0 = Release|x64
		{7F56C7C6-5224-4A40-AEDC-11F3F1279F12}.Release|x86.ActiveCfg = Release|Win32
		{7F56C7C6-5224-4A40-AEDC-11F3F1279F12}.Release|x86.Build.0 = Release|Win32
		{C143B690-83AC-458D-9E26-83F8268DC789}.Debug|ARM.ActiveCfg = Debug|ARM
		{C143B690-83AC-458D-9E26-83F8268DC789}.Debug|ARM.Build.0 = Debug|ARM
		{C143B690-83AC-458D-9E26-83F8268DC789}.Debug|x64.ActiveCfg = Debug|x64
		{C143B690-83AC-458D-9E26-83F8268DC789}.Debug|x64.Build.0 = Debug|x64
		{C143B690-83AC-458D-9E26-83F8268DC789}.Debug|x86.ActiveCfg = Debug|Win32
		{C143B690-83AC-458D-9E26-83F8268DC789}.Debug|x86.Build.0 = Debug|Win32
		{C143B690-83AC-458D-9E26-83F8268DC789}.Release|ARM.ActiveCfg = Release|ARM
		{C143B690-83AC-458D-9E26-83F8268DC789}.Release|ARM.Build.0 = Release|ARM
		{C143B690-83AC-458D-9E26-83F8268DC789}.Release|x64.ActiveCfg = Release|x64
		{C143B690-83AC-458D-9E26-83F8268DC789}.Release|x64.Build.0 = Release|x64
		{C143B690-83AC-458D-9E26-83F8268DC789}.Release|x86.ActiveCfg = Release|Win32
		{C143B690-83AC-458D-9E26-83F8268DC789}.Release|x86.Build.0 = Release|Win32
		{443D700C-DB84-4100-8284-3FE2B07441D1}.Debug|ARM.ActiveCfg = Debug|ARM
		{443D700C-DB84-4100-8284-3FE2B07441D1}.Debug|ARM.Build.0 = Debug|ARM
		{443D700C-DB84-4100-8284-3FE2B07441D1}.Debug|x64.ActiveCfg = Debug|x64
		{443D700C-DB84-4100-8284-3FE2B07441D1}.Debug|x64.Build.0 = Debug|x64
		{443D700C-DB84-4100-8284-3FE2B07441D1}.Debug|x86.ActiveCfg = Debug|Win32
		{443D700C-DB84-4100-8284-3FE2B07441D1}.Debug|x86.Build.0 = Debug|Win32
		{443D700C-DB84-4100-8284-3FE2B07441D1}.Release|ARM.ActiveCfg = Release|ARM
		{443D700C-DB84-4100-8284-3FE2B07441D1}.Release|ARM.Build.0 = Release|ARM
		{443D700C-DB84-4100-8284-3FE2B07441D1}.Release|x64.ActiveCfg = Release|x64
		{443D700C-DB84-4100-8284-3FE2B07441D1}.Release|x64.Build.0 = Release|x64
		{443D700C-DB84-4100-8284-3FE2B07441D1}.Release|x86.ActiveCfg = Release|Win32
		{443D700C-DB84-4100-8284-3FE2B07441D1}.Release|x86.Build.0 = Release|Win32
		{72BB2445-02A7-45BF-88B8-02E5618F0B31}.Debug|ARM.ActiveCfg = Debug|ARM
		{72BB2445-02A7-45BF-88B8-02E5618F0B31}.Debug|ARM.Build.0 = Debug|ARM
		{72BB2445-02A7-45BF-88B8-02E5618F0B31}.Debug|x64.ActiveCfg = Debug|x64
		{72BB2445-02A7-45BF-88B8-02E5618F0B31}.Debug|x64.Build.0 = Debug|x64
		{72BB2445-02A7-45BF-88B8-02E5618F0B31}.Debug|x86.ActiveCfg = Debug|Win32
		{72BB2445-02A7-45BF-88B8-02E5618F0B31}.Debug|x86.Build.0 = Debug|Win32
		{72BB2445-02A7-45BF-88B8-02E5618F0B31}.Release|ARM.ActiveCfg = Release|ARM
		{72BB2445-02A7-45BF-88B8-02E5618F0B31}.Release|ARM.Build.0 = Release|ARM
		{72BB2445-02A7-45BF-88B8-02E5618F0B31}.Release|x64.ActiveCfg = Release|x64
		{72BB2445-02A7-45BF-88B8-02E5618F0B31}.Release|x64.Build.0 = Release|x64
		{72BB2445-02A7-45BF-88B8-02E5618F0B31}.Release|x86.ActiveCfg = Release|Win32
		{72BB2445-02A7-45BF-88B8-02E5618F0B31}.Release|x86.Build.0 = Release|Win32
	EndGlobalSection
	GlobalSection(SolutionProperties) = preSolution
		HideSolutionNode = FALSE
	EndGlobalSection
	GlobalSection(ExtensibilityGlobals) = postSolution
		SolutionGuid = {485E2C25-1547-4D06-87C0-AF156EF19FE2}
	EndGlobalSection
EndGlobal
