
Microsoft Visual Studio Solution File, Format Version 12.00
# Visual Studio Version 16
VisualStudioVersion = 16.0.28803.202
MinimumVisualStudioVersion = 10.0.40219.1
Project("{8BC9CEB8-8B4A-11D0-8D11-00A0C91BC942}") = "chessboard", "chessboard\chessboard.vcxproj", "{1FE0144E-79EA-4EF3-8A3B-A828B532CD29}"
EndProject
Project("{8BC9CEB8-8B4A-11D0-8D11-00A0C91BC942}") = "searcher", "searcher\searcher.vcxproj", "{C143B690-83AC-458D-9E26-83F8268DC789}"
EndProject
Project("{8BC9CEB8-8B4A-11D0-8D11-00A0C91BC942}") = "wrapper", "wrapper\wrapper.vcxproj", "{443D700C-DB84-4100-8284-3FE2B07441D1}"
EndProject
Project("{8BC9CEB8-8B4A-11D0-8D11-00A0C91BC942}") = "unmanaged", "unmanaged\unmanaged.vcxproj", "{72BB2445-02A7-45BF-88B8-02E5618F0B31}"
EndProject
Project("{2150E333-8FDC-42A3-9474-1A3956D46DE8}") = "Solution Items", "Solution Items", "{97600E0F-E2A6-4B20-938E-F911F17CD3D8}"
	ProjectSection(SolutionItems) = preProject
		LICENSE.txt = LICENSE.txt
	EndProjectSection
EndProject
Project("{FAE04EC0-301F-11D3-BF4B-00C04F79EFBC}") = "gomoku_uwp", "gomoku_uwp\gomoku_uwp.csproj", "{8A750806-3CF9-43E8-8312-E170B144E3B0}"
EndProject
Global
	GlobalSection(SolutionConfigurationPlatforms) = preSolution
		Debug|ARM = Debug|ARM
		Debug|ARM64 = Debug|ARM64
		Debug|x64 = Debug|x64
		Debug|x86 = Debug|x86
		Release|ARM = Release|ARM
		Release|ARM64 = Release|ARM64
		Release|x64 = Release|x64
		Release|x86 = Release|x86
	EndGlobalSection
	GlobalSection(ProjectConfigurationPlatforms) = postSolution
		{1FE0144E-79EA-4EF3-8A3B-A828B532CD29}.Debug|ARM.ActiveCfg = Debug|ARM
		{1FE0144E-79EA-4EF3-8A3B-A828B532CD29}.Debug|ARM.Build.0 = Debug|ARM
		{1FE0144E-79EA-4EF3-8A3B-A828B532CD29}.Debug|ARM64.ActiveCfg = Debug|ARM64
		{1FE0144E-79EA-4EF3-8A3B-A828B532CD29}.Debug|ARM64.Build.0 = Debug|ARM64
		{1FE0144E-79EA-4EF3-8A3B-A828B532CD29}.Debug|x64.ActiveCfg = Debug|x64
		{1FE0144E-79EA-4EF3-8A3B-A828B532CD29}.Debug|x64.Build.0 = Debug|x64
		{1FE0144E-79EA-4EF3-8A3B-A828B532CD29}.Debug|x86.ActiveCfg = Debug|Win32
		{1FE0144E-79EA-4EF3-8A3B-A828B532CD29}.Debug|x86.Build.0 = Debug|Win32
		{1FE0144E-79EA-4EF3-8A3B-A828B532CD29}.Release|ARM.ActiveCfg = Release|ARM
		{1FE0144E-79EA-4EF3-8A3B-A828B532CD29}.Release|ARM.Build.0 = Release|ARM
		{1FE0144E-79EA-4EF3-8A3B-A828B532CD29}.Release|ARM64.ActiveCfg = Release|ARM64
		{1FE0144E-79EA-4EF3-8A3B-A828B532CD29}.Release|ARM64.Build.0 = Release|ARM64
		{1FE0144E-79EA-4EF3-8A3B-A828B532CD29}.Release|x64.ActiveCfg = Release|x64
		{1FE0144E-79EA-4EF3-8A3B-A828B532CD29}.Release|x64.Build.0 = Release|x64
		{1FE0144E-79EA-4EF3-8A3B-A828B532CD29}.Release|x86.ActiveCfg = Release|Win32
		{1FE0144E-79EA-4EF3-8A3B-A828B532CD29}.Release|x86.Build.0 = Release|Win32
		{C143B690-83AC-458D-9E26-83F8268DC789}.Debug|ARM.ActiveCfg = Debug|ARM
		{C143B690-83AC-458D-9E26-83F8268DC789}.Debug|ARM.Build.0 = Debug|ARM
		{C143B690-83AC-458D-9E26-83F8268DC789}.Debug|ARM64.ActiveCfg = Debug|ARM64
		{C143B690-83AC-458D-9E26-83F8268DC789}.Debug|ARM64.Build.0 = Debug|ARM64
		{C143B690-83AC-458D-9E26-83F8268DC789}.Debug|x64.ActiveCfg = Debug|x64
		{C143B690-83AC-458D-9E26-83F8268DC789}.Debug|x64.Build.0 = Debug|x64
		{C143B690-83AC-458D-9E26-83F8268DC789}.Debug|x86.ActiveCfg = Debug|Win32
		{C143B690-83AC-458D-9E26-83F8268DC789}.Debug|x86.Build.0 = Debug|Win32
		{C143B690-83AC-458D-9E26-83F8268DC789}.Release|ARM.ActiveCfg = Release|ARM
		{C143B690-83AC-458D-9E26-83F8268DC789}.Release|ARM.Build.0 = Release|ARM
		{C143B690-83AC-458D-9E26-83F8268DC789}.Release|ARM64.ActiveCfg = Release|ARM64
		{C143B690-83AC-458D-9E26-83F8268DC789}.Release|ARM64.Build.0 = Release|ARM64
		{C143B690-83AC-458D-9E26-83F8268DC789}.Release|x64.ActiveCfg = Release|x64
		{C143B690-83AC-458D-9E26-83F8268DC789}.Release|x64.Build.0 = Release|x64
		{C143B690-83AC-458D-9E26-83F8268DC789}.Release|x86.ActiveCfg = Release|Win32
		{C143B690-83AC-458D-9E26-83F8268DC789}.Release|x86.Build.0 = Release|Win32
		{443D700C-DB84-4100-8284-3FE2B07441D1}.Debug|ARM.ActiveCfg = Debug|ARM
		{443D700C-DB84-4100-8284-3FE2B07441D1}.Debug|ARM.Build.0 = Debug|ARM
		{443D700C-DB84-4100-8284-3FE2B07441D1}.Debug|ARM64.ActiveCfg = Debug|ARM64
		{443D700C-DB84-4100-8284-3FE2B07441D1}.Debug|ARM64.Build.0 = Debug|ARM64
		{443D700C-DB84-4100-8284-3FE2B07441D1}.Debug|x64.ActiveCfg = Debug|x64
		{443D700C-DB84-4100-8284-3FE2B07441D1}.Debug|x64.Build.0 = Debug|x64
		{443D700C-DB84-4100-8284-3FE2B07441D1}.Debug|x86.ActiveCfg = Debug|Win32
		{443D700C-DB84-4100-8284-3FE2B07441D1}.Debug|x86.Build.0 = Debug|Win32
		{443D700C-DB84-4100-8284-3FE2B07441D1}.Release|ARM.ActiveCfg = Release|ARM
		{443D700C-DB84-4100-8284-3FE2B07441D1}.Release|ARM.Build.0 = Release|ARM
		{443D700C-DB84-4100-8284-3FE2B07441D1}.Release|ARM64.ActiveCfg = Release|ARM64
		{443D700C-DB84-4100-8284-3FE2B07441D1}.Release|ARM64.Build.0 = Release|ARM64
		{443D700C-DB84-4100-8284-3FE2B07441D1}.Release|x64.ActiveCfg = Release|x64
		{443D700C-DB84-4100-8284-3FE2B07441D1}.Release|x64.Build.0 = Release|x64
		{443D700C-DB84-4100-8284-3FE2B07441D1}.Release|x86.ActiveCfg = Release|Win32
		{443D700C-DB84-4100-8284-3FE2B07441D1}.Release|x86.Build.0 = Release|Win32
		{72BB2445-02A7-45BF-88B8-02E5618F0B31}.Debug|ARM.ActiveCfg = Debug|ARM
		{72BB2445-02A7-45BF-88B8-02E5618F0B31}.Debug|ARM.Build.0 = Debug|ARM
		{72BB2445-02A7-45BF-88B8-02E5618F0B31}.Debug|ARM64.ActiveCfg = Debug|ARM64
		{72BB2445-02A7-45BF-88B8-02E5618F0B31}.Debug|ARM64.Build.0 = Debug|ARM64
		{72BB2445-02A7-45BF-88B8-02E5618F0B31}.Debug|x64.ActiveCfg = Debug|x64
		{72BB2445-02A7-45BF-88B8-02E5618F0B31}.Debug|x64.Build.0 = Debug|x64
		{72BB2445-02A7-45BF-88B8-02E5618F0B31}.Debug|x86.ActiveCfg = Debug|Win32
		{72BB2445-02A7-45BF-88B8-02E5618F0B31}.Debug|x86.Build.0 = Debug|Win32
		{72BB2445-02A7-45BF-88B8-02E5618F0B31}.Release|ARM.ActiveCfg = Release|ARM
		{72BB2445-02A7-45BF-88B8-02E5618F0B31}.Release|ARM.Build.0 = Release|ARM
		{72BB2445-02A7-45BF-88B8-02E5618F0B31}.Release|ARM64.ActiveCfg = Release|ARM64
		{72BB2445-02A7-45BF-88B8-02E5618F0B31}.Release|ARM64.Build.0 = Release|ARM64
		{72BB2445-02A7-45BF-88B8-02E5618F0B31}.Release|x64.ActiveCfg = Release|x64
		{72BB2445-02A7-45BF-88B8-02E5618F0B31}.Release|x64.Build.0 = Release|x64
		{72BB2445-02A7-45BF-88B8-02E5618F0B31}.Release|x86.ActiveCfg = Release|Win32
		{72BB2445-02A7-45BF-88B8-02E5618F0B31}.Release|x86.Build.0 = Release|Win32
		{8A750806-3CF9-43E8-8312-E170B144E3B0}.Debug|ARM.ActiveCfg = Debug|ARM
		{8A750806-3CF9-43E8-8312-E170B144E3B0}.Debug|ARM.Build.0 = Debug|ARM
		{8A750806-3CF9-43E8-8312-E170B144E3B0}.Debug|ARM.Deploy.0 = Debug|ARM
		{8A750806-3CF9-43E8-8312-E170B144E3B0}.Debug|ARM64.ActiveCfg = Debug|ARM64
		{8A750806-3CF9-43E8-8312-E170B144E3B0}.Debug|ARM64.Build.0 = Debug|ARM64
		{8A750806-3CF9-43E8-8312-E170B144E3B0}.Debug|ARM64.Deploy.0 = Debug|ARM64
		{8A750806-3CF9-43E8-8312-E170B144E3B0}.Debug|x64.ActiveCfg = Debug|x64
		{8A750806-3CF9-43E8-8312-E170B144E3B0}.Debug|x64.Build.0 = Debug|x64
		{8A750806-3CF9-43E8-8312-E170B144E3B0}.Debug|x64.Deploy.0 = Debug|x64
		{8A750806-3CF9-43E8-8312-E170B144E3B0}.Debug|x86.ActiveCfg = Debug|x86
		{8A750806-3CF9-43E8-8312-E170B144E3B0}.Debug|x86.Build.0 = Debug|x86
		{8A750806-3CF9-43E8-8312-E170B144E3B0}.Debug|x86.Deploy.0 = Debug|x86
		{8A750806-3CF9-43E8-8312-E170B144E3B0}.Release|ARM.ActiveCfg = Release|ARM
		{8A750806-3CF9-43E8-8312-E170B144E3B0}.Release|ARM.Build.0 = Release|ARM
		{8A750806-3CF9-43E8-8312-E170B144E3B0}.Release|ARM.Deploy.0 = Release|ARM
		{8A750806-3CF9-43E8-8312-E170B144E3B0}.Release|ARM64.ActiveCfg = Release|ARM64
		{8A750806-3CF9-43E8-8312-E170B144E3B0}.Release|ARM64.Build.0 = Release|ARM64
		{8A750806-3CF9-43E8-8312-E170B144E3B0}.Release|ARM64.Deploy.0 = Release|ARM64
		{8A750806-3CF9-43E8-8312-E170B144E3B0}.Release|x64.ActiveCfg = Release|x64
		{8A750806-3CF9-43E8-8312-E170B144E3B0}.Release|x64.Build.0 = Release|x64
		{8A750806-3CF9-43E8-8312-E170B144E3B0}.Release|x64.Deploy.0 = Release|x64
		{8A750806-3CF9-43E8-8312-E170B144E3B0}.Release|x86.ActiveCfg = Release|x86
		{8A750806-3CF9-43E8-8312-E170B144E3B0}.Release|x86.Build.0 = Release|x86
		{8A750806-3CF9-43E8-8312-E170B144E3B0}.Release|x86.Deploy.0 = Release|x86
	EndGlobalSection
	GlobalSection(SolutionProperties) = preSolution
		HideSolutionNode = FALSE
	EndGlobalSection
	GlobalSection(ExtensibilityGlobals) = postSolution
		SolutionGuid = {485E2C25-1547-4D06-87C0-AF156EF19FE2}
	EndGlobalSection
EndGlobal
